{
  "originHash" : "9678313c8776396baa04422bdfa4edaf1f3c2e0981cbb4bb77469075efc7a6cb",
  "pins" : [
    {
      "identity" : "phonenumberkit",
      "kind" : "remoteSourceControl",
      "location" : "https://github.com/PhoneNumberKit/PhoneNumberKit",
      "state" : {
        "revision" : "faf1703e6fc71c699e911ff0e306c58ad7c756c0",
        "version" : "5.0.11"
      }
    }
  ],
  "version" : 3
}
